
Microsoft Visual Studio Solution File, Format Version 12.00
# Visual Studio 15
VisualStudioVersion = 15.0.26730.12
MinimumVisualStudioVersion = 10.0.40219.1
Project("{2150E333-8FDC-42A3-9474-1A3956D46DE8}") = "Chapter01_Digit_Classifier", "Chapter01_Digit_Classifier", "{9638872A-75BA-4BD6-BD71-D975F9780ABD}"
EndProject
Project("{FAE04EC0-301F-11D3-BF4B-00C04F79EFBC}") = "DigitRecognition", "DigitRecognition\DigitRecognition.csproj", "{F14C80C2-DFBC-4232-819C-58D1D623EE2B}"
EndProject
Project("{F2A71F9B-5D33-465A-A702-920D77279786}") = "DigitRecognitionFSharp", "DigitRecognitionFSharp\DigitRecognitionFSharp.fsproj", "{CDEC60F0-D83A-40CC-9A74-FCEA0B13ABF6}"
EndProject
Project("{2150E333-8FDC-42A3-9474-1A3956D46DE8}") = "Chapter02_Spam_Recognition", "Chapter02_Spam_Recognition", "{5BE02192-B9A3-4BEA-ADEA-8F223095DC63}"
EndProject
Project("{F2A71F9B-5D33-465A-A702-920D77279786}") = "SpamRecognition", "SpamRecognition\SpamRecognition.fsproj", "{8D2EE2C1-0A88-427E-AF91-F70EA39310E3}"
EndProject
Project("{2150E333-8FDC-42A3-9474-1A3956D46DE8}") = "Chapter03_Type_Providers", "Chapter03_Type_Providers", "{3B6B6FC6-F921-4A03-A431-3E981E8D13AC}"
EndProject
Project("{F2A71F9B-5D33-465A-A702-920D77279786}") = "StackOverflowAnalysis", "StackOverflowAnalysis\StackOverflowAnalysis.fsproj", "{E186D290-017F-453B-8004-94F848A51D93}"
EndProject
Project("{F2A71F9B-5D33-465A-A702-920D77279786}") = "WorldBankData", "WorldBankData\WorldBankData.fsproj", "{D549423F-6F3D-40B1-A9EF-BB504D696374}"
EndProject
Project("{2150E333-8FDC-42A3-9474-1A3956D46DE8}") = "Chapter04_GradientDescent_Regression", "Chapter04_GradientDescent_Regression", "{9F4954AF-C3F2-4025-AADF-1C43FC916E7B}"
EndProject
Project("{F2A71F9B-5D33-465A-A702-920D77279786}") = "BikeRentalAnalysis", "BikeRentalAnalysis\BikeRentalAnalysis.fsproj", "{B7954DBE-774D-4D89-9E48-31970CC76FAC}"
EndProject
Project("{2150E333-8FDC-42A3-9474-1A3956D46DE8}") = "Chapter05_PCA", "Chapter05_PCA", "{A7A5B116-76C7-485C-9B67-636D53DD0EE9}"
EndProject
Project("{F2A71F9B-5D33-465A-A702-920D77279786}") = "StackoverflowPrincipalComponents", "StackoverflowPrincipalComponents\StackoverflowPrincipalComponents.fsproj", "{DA576195-DF0E-4DB6-9F0D-8B38282D55C0}"
EndProject
Global
	GlobalSection(SolutionConfigurationPlatforms) = preSolution
		Debug|Any CPU = Debug|Any CPU
		Release|Any CPU = Release|Any CPU
	EndGlobalSection
	GlobalSection(ProjectConfigurationPlatforms) = postSolution
		{F14C80C2-DFBC-4232-819C-58D1D623EE2B}.Debug|Any CPU.ActiveCfg = Debug|Any CPU
		{F14C80C2-DFBC-4232-819C-58D1D623EE2B}.Debug|Any CPU.Build.0 = Debug|Any CPU
		{F14C80C2-DFBC-4232-819C-58D1D623EE2B}.Release|Any CPU.ActiveCfg = Release|Any CPU
		{F14C80C2-DFBC-4232-819C-58D1D623EE2B}.Release|Any CPU.Build.0 = Release|Any CPU
		{CDEC60F0-D83A-40CC-9A74-FCEA0B13ABF6}.Debug|Any CPU.ActiveCfg = Debug|Any CPU
		{CDEC60F0-D83A-40CC-9A74-FCEA0B13ABF6}.Debug|Any CPU.Build.0 = Debug|Any CPU
		{CDEC60F0-D83A-40CC-9A74-FCEA0B13ABF6}.Release|Any CPU.ActiveCfg = Release|Any CPU
		{CDEC60F0-D83A-40CC-9A74-FCEA0B13ABF6}.Release|Any CPU.Build.0 = Release|Any CPU
		{8D2EE2C1-0A88-427E-AF91-F70EA39310E3}.Debug|Any CPU.ActiveCfg = Debug|Any CPU
		{8D2EE2C1-0A88-427E-AF91-F70EA39310E3}.Debug|Any CPU.Build.0 = Debug|Any CPU
		{8D2EE2C1-0A88-427E-AF91-F70EA39310E3}.Release|Any CPU.ActiveCfg = Release|Any CPU
		{8D2EE2C1-0A88-427E-AF91-F70EA39310E3}.Release|Any CPU.Build.0 = Release|Any CPU
		{E186D290-017F-453B-8004-94F848A51D93}.Debug|Any CPU.ActiveCfg = Debug|Any CPU
		{E186D290-017F-453B-8004-94F848A51D93}.Debug|Any CPU.Build.0 = Debug|Any CPU
		{E186D290-017F-453B-8004-94F848A51D93}.Release|Any CPU.ActiveCfg = Release|Any CPU
		{E186D290-017F-453B-8004-94F848A51D93}.Release|Any CPU.Build.0 = Release|Any CPU
		{D549423F-6F3D-40B1-A9EF-BB504D696374}.Debug|Any CPU.ActiveCfg = Debug|Any CPU
		{D549423F-6F3D-40B1-A9EF-BB504D696374}.Debug|Any CPU.Build.0 = Debug|Any CPU
		{D549423F-6F3D-40B1-A9EF-BB504D696374}.Release|Any CPU.ActiveCfg = Release|Any CPU
		{D549423F-6F3D-40B1-A9EF-BB504D696374}.Release|Any CPU.Build.0 = Release|Any CPU
		{B7954DBE-774D-4D89-9E48-31970CC76FAC}.Debug|Any CPU.ActiveCfg = Debug|Any CPU
		{B7954DBE-774D-4D89-9E48-31970CC76FAC}.Debug|Any CPU.Build.0 = Debug|Any CPU
		{B7954DBE-774D-4D89-9E48-31970CC76FAC}.Release|Any CPU.ActiveCfg = Release|Any CPU
		{B7954DBE-774D-4D89-9E48-31970CC76FAC}.Release|Any CPU.Build.0 = Release|Any CPU
		{DA576195-DF0E-4DB6-9F0D-8B38282D55C0}.Debug|Any CPU.ActiveCfg = Debug|Any CPU
		{DA576195-DF0E-4DB6-9F0D-8B38282D55C0}.Debug|Any CPU.Build.0 = Debug|Any CPU
		{DA576195-DF0E-4DB6-9F0D-8B38282D55C0}.Release|Any CPU.ActiveCfg = Release|Any CPU
		{DA576195-DF0E-4DB6-9F0D-8B38282D55C0}.Release|Any CPU.Build.0 = Release|Any CPU
	EndGlobalSection
	GlobalSection(SolutionProperties) = preSolution
		HideSolutionNode = FALSE
	EndGlobalSection
	GlobalSection(NestedProjects) = preSolution
		{F14C80C2-DFBC-4232-819C-58D1D623EE2B} = {9638872A-75BA-4BD6-BD71-D975F9780ABD}
		{CDEC60F0-D83A-40CC-9A74-FCEA0B13ABF6} = {9638872A-75BA-4BD6-BD71-D975F9780ABD}
		{8D2EE2C1-0A88-427E-AF91-F70EA39310E3} = {5BE02192-B9A3-4BEA-ADEA-8F223095DC63}
		{E186D290-017F-453B-8004-94F848A51D93} = {3B6B6FC6-F921-4A03-A431-3E981E8D13AC}
		{D549423F-6F3D-40B1-A9EF-BB504D696374} = {3B6B6FC6-F921-4A03-A431-3E981E8D13AC}
		{B7954DBE-774D-4D89-9E48-31970CC76FAC} = {9F4954AF-C3F2-4025-AADF-1C43FC916E7B}
		{DA576195-DF0E-4DB6-9F0D-8B38282D55C0} = {A7A5B116-76C7-485C-9B67-636D53DD0EE9}
	EndGlobalSection
	GlobalSection(ExtensibilityGlobals) = postSolution
		SolutionGuid = {57112888-1BAE-4FE0-808D-74074367E84D}
	EndGlobalSection
EndGlobal
